
Microsoft Visual Studio Solution File, Format Version 12.00
# Visual Studio Version 16
VisualStudioVersion = 16.0.30104.148
MinimumVisualStudioVersion = 10.0.40219.1
Project("{9A19103F-16F7-4668-BE54-9A1E7A4F7556}") = "Logica", "HelloWorld\Logica.csproj", "{F685C26D-8DC2-4C08-8CB5-A62E6B9CD0B3}"
EndProject
Project("{FAE04EC0-301F-11D3-BF4B-00C04F79EFBC}") = "Conversao", "Conversao\Conversao.csproj", "{7657D963-F1B1-47AD-AD00-94E812D05FDC}"
EndProject
Project("{FAE04EC0-301F-11D3-BF4B-00C04F79EFBC}") = "CondicionaisLoops", "CondicionaisLoops\CondicionaisLoops.csproj", "{087FFCDD-09F8-4B00-9460-A53A3A4FE7EF}"
EndProject
Global
	GlobalSection(SolutionConfigurationPlatforms) = preSolution
		Debug|Any CPU = Debug|Any CPU
		Release|Any CPU = Release|Any CPU
	EndGlobalSection
	GlobalSection(ProjectConfigurationPlatforms) = postSolution
		{F685C26D-8DC2-4C08-8CB5-A62E6B9CD0B3}.Debug|Any CPU.ActiveCfg = Debug|Any CPU
		{F685C26D-8DC2-4C08-8CB5-A62E6B9CD0B3}.Debug|Any CPU.Build.0 = Debug|Any CPU
		{F685C26D-8DC2-4C08-8CB5-A62E6B9CD0B3}.Release|Any CPU.ActiveCfg = Release|Any CPU
		{F685C26D-8DC2-4C08-8CB5-A62E6B9CD0B3}.Release|Any CPU.Build.0 = Release|Any CPU
		{7657D963-F1B1-47AD-AD00-94E812D05FDC}.Debug|Any CPU.ActiveCfg = Debug|Any CPU
		{7657D963-F1B1-47AD-AD00-94E812D05FDC}.Debug|Any CPU.Build.0 = Debug|Any CPU
		{7657D963-F1B1-47AD-AD00-94E812D05FDC}.Release|Any CPU.ActiveCfg = Release|Any CPU
		{7657D963-F1B1-47AD-AD00-94E812D05FDC}.Release|Any CPU.Build.0 = Release|Any CPU
		{087FFCDD-09F8-4B00-9460-A53A3A4FE7EF}.Debug|Any CPU.ActiveCfg = Debug|Any CPU
		{087FFCDD-09F8-4B00-9460-A53A3A4FE7EF}.Debug|Any CPU.Build.0 = Debug|Any CPU
		{087FFCDD-09F8-4B00-9460-A53A3A4FE7EF}.Release|Any CPU.ActiveCfg = Release|Any CPU
		{087FFCDD-09F8-4B00-9460-A53A3A4FE7EF}.Release|Any CPU.Build.0 = Release|Any CPU
	EndGlobalSection
	GlobalSection(SolutionProperties) = preSolution
		HideSolutionNode = FALSE
	EndGlobalSection
	GlobalSection(ExtensibilityGlobals) = postSolution
		SolutionGuid = {F7FFCF7A-92D1-4C84-991C-B80C3DCC5EE1}
	EndGlobalSection
EndGlobal
